// !$*UTF8*$!
{
	archiveVersion = 1;
	classes = {
	};
	objectVersion = 56;
	objects = {

/* Begin PBXBuildFile section */
		2C0E81B9018754ECF371CDFA /* Pods_FUIDemo.framework in Frameworks */ = {isa = PBXBuildFile; fileRef = CC9F19F3770D2BA83EFB5702 /* Pods_FUIDemo.framework */; };
		69B0DC282D095E0D001146A4 /* AppDelegate.swift in Sources */ = {isa = PBXBuildFile; fileRef = 69B0DC272D095E0D001146A4 /* AppDelegate.swift */; };
		69B0DC2A2D095E0D001146A4 /* SceneDelegate.swift in Sources */ = {isa = PBXBuildFile; fileRef = 69B0DC292D095E0D001146A4 /* SceneDelegate.swift */; };
		69B0DC2C2D095E0D001146A4 /* ViewController.swift in Sources */ = {isa = PBXBuildFile; fileRef = 69B0DC2B2D095E0D001146A4 /* ViewController.swift */; };
		69B0DC2F2D095E0D001146A4 /* Base in Resources */ = {isa = PBXBuildFile; fileRef = 69B0DC2E2D095E0D001146A4 /* Base */; };
		69B0DC312D095E0E001146A4 /* Assets.xcassets in Resources */ = {isa = PBXBuildFile; fileRef = 69B0DC302D095E0E001146A4 /* Assets.xcassets */; };
		69B0DC342D095E0E001146A4 /* Base in Resources */ = {isa = PBXBuildFile; fileRef = 69B0DC332D095E0E001146A4 /* Base */; };
		69B0DC462D095E56001146A4 /* FRUI.swift in Sources */ = {isa = PBXBuildFile; fileRef = 69B0DC442D095E56001146A4 /* FRUI.swift */; };
		69B0DC472D095E56001146A4 /* FRUIClosureTypeDefine.swift in Sources */ = {isa = PBXBuildFile; fileRef = 69B0DC452D095E56001146A4 /* FRUIClosureTypeDefine.swift */; };
/* End PBXBuildFile section */

/* Begin PBXFileReference section */
		69B0DC242D095E0D001146A4 /* FUIDemo.app */ = {isa = PBXFileReference; explicitFileType = wrapper.application; includeInIndex = 0; path = FUIDemo.app; sourceTree = BUILT_PRODUCTS_DIR; };
		69B0DC272D095E0D001146A4 /* AppDelegate.swift */ = {isa = PBXFileReference; lastKnownFileType = sourcecode.swift; path = AppDelegate.swift; sourceTree = "<group>"; };
		69B0DC292D095E0D001146A4 /* SceneDelegate.swift */ = {isa = PBXFileReference; lastKnownFileType = sourcecode.swift; path = SceneDelegate.swift; sourceTree = "<group>"; };
		69B0DC2B2D095E0D001146A4 /* ViewController.swift */ = {isa = PBXFileReference; lastKnownFileType = sourcecode.swift; path = ViewController.swift; sourceTree = "<group>"; };
		69B0DC2E2D095E0D001146A4 /* Base */ = {isa = PBXFileReference; lastKnownFileType = file.storyboard; name = Base; path = Base.lproj/Main.storyboard; sourceTree = "<group>"; };
		69B0DC302D095E0E001146A4 /* Assets.xcassets */ = {isa = PBXFileReference; lastKnownFileType = folder.assetcatalog; path = Assets.xcassets; sourceTree = "<group>"; };
		69B0DC332D095E0E001146A4 /* Base */ = {isa = PBXFileReference; lastKnownFileType = file.storyboard; name = Base; path = Base.lproj/LaunchScreen.storyboard; sourceTree = "<group>"; };
		69B0DC352D095E0E001146A4 /* Info.plist */ = {isa = PBXFileReference; lastKnownFileType = text.plist.xml; path = Info.plist; sourceTree = "<group>"; };
		69B0DC442D095E56001146A4 /* FRUI.swift */ = {isa = PBXFileReference; fileEncoding = 4; lastKnownFileType = sourcecode.swift; path = FRUI.swift; sourceTree = "<group>"; };
		69B0DC452D095E56001146A4 /* FRUIClosureTypeDefine.swift */ = {isa = PBXFileReference; fileEncoding = 4; lastKnownFileType = sourcecode.swift; path = FRUIClosureTypeDefine.swift; sourceTree = "<group>"; };
		9A8AADF10FBDE4C0E59F2BC0 /* Pods-FUIDemo.debug.xcconfig */ = {isa = PBXFileReference; includeInIndex = 1; lastKnownFileType = text.xcconfig; name = "Pods-FUIDemo.debug.xcconfig"; path = "Target Support Files/Pods-FUIDemo/Pods-FUIDemo.debug.xcconfig"; sourceTree = "<group>"; };
		A257631C646EAD161BE71309 /* Pods-FUIDemo.release.xcconfig */ = {isa = PBXFileReference; includeInIndex = 1; lastKnownFileType = text.xcconfig; name = "Pods-FUIDemo.release.xcconfig"; path = "Target Support Files/Pods-FUIDemo/Pods-FUIDemo.release.xcconfig"; sourceTree = "<group>"; };
		CC9F19F3770D2BA83EFB5702 /* Pods_FUIDemo.framework */ = {isa = PBXFileReference; explicitFileType = wrapper.framework; includeInIndex = 0; path = Pods_FUIDemo.framework; sourceTree = BUILT_PRODUCTS_DIR; };
/* End PBXFileReference section */

/* Begin PBXFrameworksBuildPhase section */
		69B0DC212D095E0D001146A4 /* Frameworks */ = {
			isa = PBXFrameworksBuildPhase;
			buildActionMask = 2147483647;
			files = (
				2C0E81B9018754ECF371CDFA /* Pods_FUIDemo.framework in Frameworks */,
			);
			runOnlyForDeploymentPostprocessing = 0;
		};
/* End PBXFrameworksBuildPhase section */

/* Begin PBXGroup section */
		42675FD6785DEB77E65B181F /* Frameworks */ = {
			isa = PBXGroup;
			children = (
				CC9F19F3770D2BA83EFB5702 /* Pods_FUIDemo.framework */,
			);
			name = Frameworks;
			sourceTree = "<group>";
		};
		69B0DC1B2D095E0D001146A4 = {
			isa = PBXGroup;
			children = (
				69B0DC262D095E0D001146A4 /* FUIDemo */,
				69B0DC252D095E0D001146A4 /* Products */,
				D9CFA0F1EC34E2EE7BDA220F /* Pods */,
				42675FD6785DEB77E65B181F /* Frameworks */,
			);
			sourceTree = "<group>";
		};
		69B0DC252D095E0D001146A4 /* Products */ = {
			isa = PBXGroup;
			children = (
				69B0DC242D095E0D001146A4 /* FUIDemo.app */,
			);
			name = Products;
			sourceTree = "<group>";
		};
		69B0DC262D095E0D001146A4 /* FUIDemo */ = {
			isa = PBXGroup;
			children = (
				69B0DC272D095E0D001146A4 /* AppDelegate.swift */,
				69B0DC292D095E0D001146A4 /* SceneDelegate.swift */,
				69B0DC2B2D095E0D001146A4 /* ViewController.swift */,
				69B0DC402D095E36001146A4 /* FUI */,
				69B0DC2D2D095E0D001146A4 /* Main.storyboard */,
				69B0DC302D095E0E001146A4 /* Assets.xcassets */,
				69B0DC322D095E0E001146A4 /* LaunchScreen.storyboard */,
				69B0DC352D095E0E001146A4 /* Info.plist */,
			);
			path = FUIDemo;
			sourceTree = "<group>";
		};
		69B0DC3C2D095E36001146A4 /* Assets */ = {
			isa = PBXGroup;
			children = (
			);
			path = Assets;
			sourceTree = "<group>";
		};
		69B0DC3F2D095E36001146A4 /* Classes */ = {
			isa = PBXGroup;
			children = (
				69B0DC442D095E56001146A4 /* FRUI.swift */,
				69B0DC452D095E56001146A4 /* FRUIClosureTypeDefine.swift */,
			);
			path = Classes;
			sourceTree = "<group>";
		};
		69B0DC402D095E36001146A4 /* FUI */ = {
			isa = PBXGroup;
			children = (
				69B0DC3C2D095E36001146A4 /* Assets */,
				69B0DC3F2D095E36001146A4 /* Classes */,
			);
			name = FUI;
			path = ../../FUI;
			sourceTree = "<group>";
		};
		D9CFA0F1EC34E2EE7BDA220F /* Pods */ = {
			isa = PBXGroup;
			children = (
				9A8AADF10FBDE4C0E59F2BC0 /* Pods-FUIDemo.debug.xcconfig */,
				A257631C646EAD161BE71309 /* Pods-FUIDemo.release.xcconfig */,
			);
			path = Pods;
			sourceTree = "<group>";
		};
/* End PBXGroup section */

/* Begin PBXNativeTarget section */
		69B0DC232D095E0D001146A4 /* FUIDemo */ = {
			isa = PBXNativeTarget;
			buildConfigurationList = 69B0DC382D095E0E001146A4 /* Build configuration list for PBXNativeTarget "FUIDemo" */;
			buildPhases = (
				F4A69A2D7FAA73439E019F97 /* [CP] Check Pods Manifest.lock */,
				69B0DC202D095E0D001146A4 /* Sources */,
				69B0DC212D095E0D001146A4 /* Frameworks */,
				69B0DC222D095E0D001146A4 /* Resources */,
				A88309128F6DB9208971C5E4 /* [CP] Embed Pods Frameworks */,
			);
			buildRules = (
			);
			dependencies = (
			);
			name = FUIDemo;
			productName = FUIDemo;
			productReference = 69B0DC242D095E0D001146A4 /* FUIDemo.app */;
			productType = "com.apple.product-type.application";
		};
/* End PBXNativeTarget section */

/* Begin PBXProject section */
		69B0DC1C2D095E0D001146A4 /* Project object */ = {
			isa = PBXProject;
			attributes = {
				BuildIndependentTargetsInParallel = 1;
				LastSwiftUpdateCheck = 1530;
				LastUpgradeCheck = 1530;
				TargetAttributes = {
					69B0DC232D095E0D001146A4 = {
						CreatedOnToolsVersion = 15.3;
					};
				};
			};
			buildConfigurationList = 69B0DC1F2D095E0D001146A4 /* Build configuration list for PBXProject "FUIDemo" */;
			compatibilityVersion = "Xcode 14.0";
			developmentRegion = en;
			hasScannedForEncodings = 0;
			knownRegions = (
				en,
				Base,
			);
			mainGroup = 69B0DC1B2D095E0D001146A4;
			productRefGroup = 69B0DC252D095E0D001146A4 /* Products */;
			projectDirPath = "";
			projectRoot = "";
			targets = (
				69B0DC232D095E0D001146A4 /* FUIDemo */,
			);
		};
/* End PBXProject section */

/* Begin PBXResourcesBuildPhase section */
		69B0DC222D095E0D001146A4 /* Resources */ = {
			isa = PBXResourcesBuildPhase;
			buildActionMask = 2147483647;
			files = (
				69B0DC312D095E0E001146A4 /* Assets.xcassets in Resources */,
				69B0DC342D095E0E001146A4 /* Base in Resources */,
				69B0DC2F2D095E0D001146A4 /* Base in Resources */,
			);
			runOnlyForDeploymentPostprocessing = 0;
		};
/* End PBXResourcesBuildPhase section */

/* Begin PBXShellScriptBuildPhase section */
		A88309128F6DB9208971C5E4 /* [CP] Embed Pods Frameworks */ = {
			isa = PBXShellScriptBuildPhase;
			buildActionMask = 2147483647;
			files = (
			);
			inputFileListPaths = (
				"${PODS_ROOT}/Target Support Files/Pods-FUIDemo/Pods-FUIDemo-frameworks-${CONFIGURATION}-input-files.xcfilelist",
			);
			name = "[CP] Embed Pods Frameworks";
			outputFileListPaths = (
				"${PODS_ROOT}/Target Support Files/Pods-FUIDemo/Pods-FUIDemo-frameworks-${CONFIGURATION}-output-files.xcfilelist",
			);
			runOnlyForDeploymentPostprocessing = 0;
			shellPath = /bin/sh;
			shellScript = "\"${PODS_ROOT}/Target Support Files/Pods-FUIDemo/Pods-FUIDemo-frameworks.sh\"\n";
			showEnvVarsInLog = 0;
		};
		F4A69A2D7FAA73439E019F97 /* [CP] Check Pods Manifest.lock */ = {
			isa = PBXShellScriptBuildPhase;
			buildActionMask = 2147483647;
			files = (
			);
			inputFileListPaths = (
			);
			inputPaths = (
				"${PODS_PODFILE_DIR_PATH}/Podfile.lock",
				"${PODS_ROOT}/Manifest.lock",
			);
			name = "[CP] Check Pods Manifest.lock";
			outputFileListPaths = (
			);
			outputPaths = (
				"$(DERIVED_FILE_DIR)/Pods-FUIDemo-checkManifestLockResult.txt",
			);
			runOnlyForDeploymentPostprocessing = 0;
			shellPath = /bin/sh;
			shellScript = "diff \"${PODS_PODFILE_DIR_PATH}/Podfile.lock\" \"${PODS_ROOT}/Manifest.lock\" > /dev/null\nif [ $? != 0 ] ; then\n    # print error to STDERR\n    echo \"error: The sandbox is not in sync with the Podfile.lock. Run 'pod install' or update your CocoaPods installation.\" >&2\n    exit 1\nfi\n# This output is used by Xcode 'outputs' to avoid re-running this script phase.\necho \"SUCCESS\" > \"${SCRIPT_OUTPUT_FILE_0}\"\n";
			showEnvVarsInLog = 0;
		};
/* End PBXShellScriptBuildPhase section */

/* Begin PBXSourcesBuildPhase section */
		69B0DC202D095E0D001146A4 /* Sources */ = {
			isa = PBXSourcesBuildPhase;
			buildActionMask = 2147483647;
			files = (
				69B0DC472D095E56001146A4 /* FRUIClosureTypeDefine.swift in Sources */,
				69B0DC2C2D095E0D001146A4 /* ViewController.swift in Sources */,
				69B0DC282D095E0D001146A4 /* AppDelegate.swift in Sources */,
				69B0DC2A2D095E0D001146A4 /* SceneDelegate.swift in Sources */,
				69B0DC462D095E56001146A4 /* FRUI.swift in Sources */,
			);
			runOnlyForDeploymentPostprocessing = 0;
		};
/* End PBXSourcesBuildPhase section */

/* Begin PBXVariantGroup section */
		69B0DC2D2D095E0D001146A4 /* Main.storyboard */ = {
			isa = PBXVariantGroup;
			children = (
				69B0DC2E2D095E0D001146A4 /* Base */,
			);
			name = Main.storyboard;
			sourceTree = "<group>";
		};
		69B0DC322D095E0E001146A4 /* LaunchScreen.storyboard */ = {
			isa = PBXVariantGroup;
			children = (
				69B0DC332D095E0E001146A4 /* Base */,
			);
			name = LaunchScreen.storyboard;
			sourceTree = "<group>";
		};
/* End PBXVariantGroup section */

/* Begin XCBuildConfiguration section */
		69B0DC362D095E0E001146A4 /* Debug */ = {
			isa = XCBuildConfiguration;
			buildSettings = {
				ALWAYS_SEARCH_USER_PATHS = NO;
				ASSETCATALOG_COMPILER_GENERATE_SWIFT_ASSET_SYMBOL_EXTENSIONS = YES;
				CLANG_ANALYZER_NONNULL = YES;
				CLANG_ANALYZER_NUMBER_OBJECT_CONVERSION = YES_AGGRESSIVE;
				CLANG_CXX_LANGUAGE_STANDARD = "gnu++20";
				CLANG_ENABLE_MODULES = YES;
				CLANG_ENABLE_OBJC_ARC = YES;
				CLANG_ENABLE_OBJC_WEAK = YES;
				CLANG_WARN_BLOCK_CAPTURE_AUTORELEASING = YES;
				CLANG_WARN_BOOL_CONVERSION = YES;
				CLANG_WARN_COMMA = YES;
				CLANG_WARN_CONSTANT_CONVERSION = YES;
				CLANG_WARN_DEPRECATED_OBJC_IMPLEMENTATIONS = YES;
				CLANG_WARN_DIRECT_OBJC_ISA_USAGE = YES_ERROR;
				CLANG_WARN_DOCUMENTATION_COMMENTS = YES;
				CLANG_WARN_EMPTY_BODY = YES;
				CLANG_WARN_ENUM_CONVERSION = YES;
				CLANG_WARN_INFINITE_RECURSION = YES;
				CLANG_WARN_INT_CONVERSION = YES;
				CLANG_WARN_NON_LITERAL_NULL_CONVERSION = YES;
				CLANG_WARN_OBJC_IMPLICIT_RETAIN_SELF = YES;
				CLANG_WARN_OBJC_LITERAL_CONVERSION = YES;
				CLANG_WARN_OBJC_ROOT_CLASS = YES_ERROR;
				CLANG_WARN_QUOTED_INCLUDE_IN_FRAMEWORK_HEADER = YES;
				CLANG_WARN_RANGE_LOOP_ANALYSIS = YES;
				CLANG_WARN_STRICT_PROTOTYPES = YES;
				CLANG_WARN_SUSPICIOUS_MOVE = YES;
				CLANG_WARN_UNGUARDED_AVAILABILITY = YES_AGGRESSIVE;
				CLANG_WARN_UNREACHABLE_CODE = YES;
				CLANG_WARN__DUPLICATE_METHOD_MATCH = YES;
				COPY_PHASE_STRIP = NO;
				DEBUG_INFORMATION_FORMAT = dwarf;
				ENABLE_STRICT_OBJC_MSGSEND = YES;
				ENABLE_TESTABILITY = YES;
				ENABLE_USER_SCRIPT_SANDBOXING = NO;
				GCC_C_LANGUAGE_STANDARD = gnu17;
				GCC_DYNAMIC_NO_PIC = NO;
				GCC_NO_COMMON_BLOCKS = YES;
				GCC_OPTIMIZATION_LEVEL = 0;
				GCC_PREPROCESSOR_DEFINITIONS = (
					"DEBUG=1",
					"$(inherited)",
				);
				GCC_WARN_64_TO_32_BIT_CONVERSION = YES;
				GCC_WARN_ABOUT_RETURN_TYPE = YES_ERROR;
				GCC_WARN_UNDECLARED_SELECTOR = YES;
				GCC_WARN_UNINITIALIZED_AUTOS = YES_AGGRESSIVE;
				GCC_WARN_UNUSED_FUNCTION = YES;
				GCC_WARN_UNUSED_VARIABLE = YES;
				IPHONEOS_DEPLOYMENT_TARGET = 17.4;
				LOCALIZATION_PREFERS_STRING_CATALOGS = YES;
				MTL_ENABLE_DEBUG_INFO = INCLUDE_SOURCE;
				MTL_FAST_MATH = YES;
				ONLY_ACTIVE_ARCH = YES;
				SDKROOT = iphoneos;
				SWIFT_ACTIVE_COMPILATION_CONDITIONS = "DEBUG $(inherited)";
				SWIFT_OPTIMIZATION_LEVEL = "-Onone";
			};
			name = Debug;
		};
		69B0DC372D095E0E001146A4 /* Release */ = {
			isa = XCBuildConfiguration;
			buildSettings = {
				ALWAYS_SEARCH_USER_PATHS = NO;
				ASSETCATALOG_COMPILER_GENERATE_SWIFT_ASSET_SYMBOL_EXTENSIONS = YES;
				CLANG_ANALYZER_NONNULL = YES;
				CLANG_ANALYZER_NUMBER_OBJECT_CONVERSION = YES_AGGRESSIVE;
				CLANG_CXX_LANGUAGE_STANDARD = "gnu++20";
				CLANG_ENABLE_MODULES = YES;
				CLANG_ENABLE_OBJC_ARC = YES;
				CLANG_ENABLE_OBJC_WEAK = YES;
				CLANG_WARN_BLOCK_CAPTURE_AUTORELEASING = YES;
				CLANG_WARN_BOOL_CONVERSION = YES;
				CLANG_WARN_COMMA = YES;
				CLANG_WARN_CONSTANT_CONVERSION = YES;
				CLANG_WARN_DEPRECATED_OBJC_IMPLEMENTATIONS = YES;
				CLANG_WARN_DIRECT_OBJC_ISA_USAGE = YES_ERROR;
				CLANG_WARN_DOCUMENTATION_COMMENTS = YES;
				CLANG_WARN_EMPTY_BODY = YES;
				CLANG_WARN_ENUM_CONVERSION = YES;
				CLANG_WARN_INFINITE_RECURSION = YES;
				CLANG_WARN_INT_CONVERSION = YES;
				CLANG_WARN_NON_LITERAL_NULL_CONVERSION = YES;
				CLANG_WARN_OBJC_IMPLICIT_RETAIN_SELF = YES;
				CLANG_WARN_OBJC_LITERAL_CONVERSION = YES;
				CLANG_WARN_OBJC_ROOT_CLASS = YES_ERROR;
				CLANG_WARN_QUOTED_INCLUDE_IN_FRAMEWORK_HEADER = YES;
				CLANG_WARN_RANGE_LOOP_ANALYSIS = YES;
				CLANG_WARN_STRICT_PROTOTYPES = YES;
				CLANG_WARN_SUSPICIOUS_MOVE = YES;
				CLANG_WARN_UNGUARDED_AVAILABILITY = YES_AGGRESSIVE;
				CLANG_WARN_UNREACHABLE_CODE = YES;
				CLANG_WARN__DUPLICATE_METHOD_MATCH = YES;
				COPY_PHASE_STRIP = NO;
				DEBUG_INFORMATION_FORMAT = "dwarf-with-dsym";
				ENABLE_NS_ASSERTIONS = NO;
				ENABLE_STRICT_OBJC_MSGSEND = YES;
				ENABLE_USER_SCRIPT_SANDBOXING = NO;
				GCC_C_LANGUAGE_STANDARD = gnu17;
				GCC_NO_COMMON_BLOCKS = YES;
				GCC_WARN_64_TO_32_BIT_CONVERSION = YES;
				GCC_WARN_ABOUT_RETURN_TYPE = YES_ERROR;
				GCC_WARN_UNDECLARED_SELECTOR = YES;
				GCC_WARN_UNINITIALIZED_AUTOS = YES_AGGRESSIVE;
				GCC_WARN_UNUSED_FUNCTION = YES;
				GCC_WARN_UNUSED_VARIABLE = YES;
				IPHONEOS_DEPLOYMENT_TARGET = 17.4;
				LOCALIZATION_PREFERS_STRING_CATALOGS = YES;
				MTL_ENABLE_DEBUG_INFO = NO;
				MTL_FAST_MATH = YES;
				SDKROOT = iphoneos;
				SWIFT_COMPILATION_MODE = wholemodule;
				VALIDATE_PRODUCT = YES;
			};
			name = Release;
		};
		69B0DC392D095E0E001146A4 /* Debug */ = {
			isa = XCBuildConfiguration;
			baseConfigurationReference = 9A8AADF10FBDE4C0E59F2BC0 /* Pods-FUIDemo.debug.xcconfig */;
			buildSettings = {
				ASSETCATALOG_COMPILER_APPICON_NAME = AppIcon;
				ASSETCATALOG_COMPILER_GLOBAL_ACCENT_COLOR_NAME = AccentColor;
				CODE_SIGN_STYLE = Automatic;
				CURRENT_PROJECT_VERSION = 1;
				DEVELOPMENT_TEAM = 6C7ZBC3KS4;
				GENERATE_INFOPLIST_FILE = YES;
				INFOPLIST_FILE = FUIDemo/Info.plist;
				INFOPLIST_KEY_UIApplicationSupportsIndirectInputEvents = YES;
				INFOPLIST_KEY_UILaunchStoryboardName = LaunchScreen;
				INFOPLIST_KEY_UIMainStoryboardFile = Main;
				INFOPLIST_KEY_UISupportedInterfaceOrientations_iPad = "UIInterfaceOrientationPortrait UIInterfaceOrientationPortraitUpsideDown UIInterfaceOrientationLandscapeLeft UIInterfaceOrientationLandscapeRight";
				INFOPLIST_KEY_UISupportedInterfaceOrientations_iPhone = "UIInterfaceOrientationPortrait UIInterfaceOrientationLandscapeLeft UIInterfaceOrientationLandscapeRight";
				LD_RUNPATH_SEARCH_PATHS = (
					"$(inherited)",
					"@executable_path/Frameworks",
				);
				MARKETING_VERSION = 1.0;
				PRODUCT_BUNDLE_IDENTIFIER = com.FUIDemo;
				PRODUCT_NAME = "$(TARGET_NAME)";
				SWIFT_EMIT_LOC_STRINGS = YES;
				SWIFT_VERSION = 5.0;
				TARGETED_DEVICE_FAMILY = "1,2";
			};
			name = Debug;
		};
		69B0DC3A2D095E0E001146A4 /* Release */ = {
			isa = XCBuildConfiguration;
			baseConfigurationReference = A257631C646EAD161BE71309 /* Pods-FUIDemo.release.xcconfig */;
			buildSettings = {
				ASSETCATALOG_COMPILER_APPICON_NAME = AppIcon;
				ASSETCATALOG_COMPILER_GLOBAL_ACCENT_COLOR_NAME = AccentColor;
				CODE_SIGN_STYLE = Automatic;
				CURRENT_PROJECT_VERSION = 1;
				DEVELOPMENT_TEAM = 6C7ZBC3KS4;
				GENERATE_INFOPLIST_FILE = YES;
				INFOPLIST_FILE = FUIDemo/Info.plist;
				INFOPLIST_KEY_UIApplicationSupportsIndirectInputEvents = YES;
				INFOPLIST_KEY_UILaunchStoryboardName = LaunchScreen;
				INFOPLIST_KEY_UIMainStoryboardFile = Main;
				INFOPLIST_KEY_UISupportedInterfaceOrientations_iPad = "UIInterfaceOrientationPortrait UIInterfaceOrientationPortraitUpsideDown UIInterfaceOrientationLandscapeLeft UIInterfaceOrientationLandscapeRight";
				INFOPLIST_KEY_UISupportedInterfaceOrientations_iPhone = "UIInterfaceOrientationPortrait UIInterfaceOrientationLandscapeLeft UIInterfaceOrientationLandscapeRight";
				LD_RUNPATH_SEARCH_PATHS = (
					"$(inherited)",
					"@executable_path/Frameworks",
				);
				MARKETING_VERSION = 1.0;
				PRODUCT_BUNDLE_IDENTIFIER = com.FUIDemo;
				PRODUCT_NAME = "$(TARGET_NAME)";
				SWIFT_EMIT_LOC_STRINGS = YES;
				SWIFT_VERSION = 5.0;
				TARGETED_DEVICE_FAMILY = "1,2";
			};
			name = Release;
		};
/* End XCBuildConfiguration section */

/* Begin XCConfigurationList section */
		69B0DC1F2D095E0D001146A4 /* Build configuration list for PBXProject "FUIDemo" */ = {
			isa = XCConfigurationList;
			buildConfigurations = (
				69B0DC362D095E0E001146A4 /* Debug */,
				69B0DC372D095E0E001146A4 /* Release */,
			);
			defaultConfigurationIsVisible = 0;
			defaultConfigurationName = Release;
		};
		69B0DC382D095E0E001146A4 /* Build configuration list for PBXNativeTarget "FUIDemo" */ = {
			isa = XCConfigurationList;
			buildConfigurations = (
				69B0DC392D095E0E001146A4 /* Debug */,
				69B0DC3A2D095E0E001146A4 /* Release */,
			);
			defaultConfigurationIsVisible = 0;
			defaultConfigurationName = Release;
		};
/* End XCConfigurationList section */
	};
	rootObject = 69B0DC1C2D095E0D001146A4 /* Project object */;
}
